
Microsoft Visual Studio Solution File, Format Version 12.00
# Visual Studio Version 17
VisualStudioVersion = 17.8.34330.188
MinimumVisualStudioVersion = 10.0.40219.1
Project("{FAE04EC0-301F-11D3-BF4B-00C04F79EFBC}") = "SiteReader", "SiteReader\SiteReader.csproj", "{31FB3C5C-FB95-4BFB-9C21-89067B6ED80B}"
EndProject
Global
	GlobalSection(SolutionConfigurationPlatforms) = preSolution
		Debug|Any CPU = Debug|Any CPU
		Release|Any CPU = Release|Any CPU
	EndGlobalSection
	GlobalSection(ProjectConfigurationPlatforms) = postSolution
		{31FB3C5C-FB95-4BFB-9C21-89067B6ED80B}.Debug|Any CPU.ActiveCfg = Debug|Any CPU
		{31FB3C5C-FB95-4BFB-9C21-89067B6ED80B}.Debug|Any CPU.Build.0 = Debug|Any CPU
		{31FB3C5C-FB95-4BFB-9C21-89067B6ED80B}.Release|Any CPU.ActiveCfg = Release|Any CPU
		{31FB3C5C-FB95-4BFB-9C21-89067B6ED80B}.Release|Any CPU.Build.0 = Release|Any CPU
	EndGlobalSection
	GlobalSection(SolutionProperties) = preSolution
		HideSolutionNode = FALSE
	EndGlobalSection
	GlobalSection(ExtensibilityGlobals) = postSolution
		SolutionGuid = {276EF57D-3014-42B7-A313-4FDFB8971C79}
	EndGlobalSection
EndGlobal
